{
  "version": "4",
  "specifiers": {
    "npm:@deno/vite-plugin@^1.0.4": "1.0.4_vite@6.1.1",
    "npm:@prisma/client@^6.4.1": "6.4.1",
    "npm:@sveltejs/adapter-auto@4": "4.0.0_@sveltejs+kit@2.17.2__@sveltejs+vite-plugin-svelte@5.0.3___svelte@5.20.2____acorn@8.14.0___vite@6.1.1__svelte@5.20.2___acorn@8.14.0__vite@6.1.1_@sveltejs+vite-plugin-svelte@5.0.3__svelte@5.20.2___acorn@8.14.0__vite@6.1.1_svelte@5.20.2__acorn@8.14.0_vite@6.1.1",
    "npm:@sveltejs/kit@2.17.2": "2.17.2_@sveltejs+vite-plugin-svelte@5.0.3__svelte@5.20.2___acorn@8.14.0__vite@6.1.1_svelte@5.20.2__acorn@8.14.0_vite@6.1.1_vite@6.1.1__@types+node@22.13.10_@types+node@22.13.10",
    "npm:@sveltejs/kit@^2.16.0": "2.17.2_@sveltejs+vite-plugin-svelte@5.0.3__svelte@5.20.2___acorn@8.14.0__vite@6.1.1_svelte@5.20.2__acorn@8.14.0_vite@6.1.1_vite@6.1.1__@types+node@22.13.10_@types+node@22.13.10",
    "npm:@sveltejs/vite-plugin-svelte@5": "5.0.3_svelte@5.20.2__acorn@8.14.0_vite@6.1.1",
    "npm:@tailwindcss/vite@^4.0.12": "4.0.12_vite@6.1.1_lightningcss@1.29.2",
    "npm:@types/node@^22.13.10": "22.13.10",
    "npm:bits-ui@^1.3.5": "1.3.6_svelte@5.20.2__acorn@8.14.0",
    "npm:clsx@^2.1.1": "2.1.1",
    "npm:lucide-svelte@0.475": "0.475.0_svelte@5.20.2__acorn@8.14.0",
    "npm:shadcn-svelte@*": "0.14.0",
    "npm:shadcn-svelte@next": "1.0.0-next.6",
    "npm:svelte-check@4": "4.1.5_svelte@5.20.2__acorn@8.14.0_typescript@5.8.2",
    "npm:svelte-sonner@~0.3.28": "0.3.28_svelte@5.20.2__acorn@8.14.0",
    "npm:svelte@5": "5.20.2_acorn@8.14.0",
    "npm:tailwind-merge@^3.0.2": "3.0.2",
    "npm:tailwind-variants@~0.3.1": "0.3.1_tailwindcss@4.0.12",
    "npm:tailwindcss-animate@^1.0.7": "1.0.7_tailwindcss@4.0.12",
    "npm:tailwindcss@^4.0.12": "4.0.12",
    "npm:vaul-svelte@^1.0.0-next.6": "1.0.0-next.6_svelte@5.20.2__acorn@8.14.0",
    "npm:vite@*": "6.1.1",
    "npm:vite@6": "6.1.1"
  },
  "npm": {
    "@ampproject/remapping@2.3.0": {
      "integrity": "sha512-30iZtAPgz+LTIYoeivqYo853f02jBYSd5uGnGpkFV0M3xOt9aN73erkgYAmZU43x4VfqcnLxW9Kpg3R5LC4YYw==",
      "dependencies": [
        "@jridgewell/gen-mapping",
        "@jridgewell/trace-mapping"
      ]
    },
    "@clack/core@0.3.5": {
      "integrity": "sha512-5cfhQNH+1VQ2xLQlmzXMqUoiaH0lRBq9/CLW9lTyMbuKLC3+xEK01tHVvyut++mLOn5urSHmkm6I0Lg9MaJSTQ==",
      "dependencies": [
        "picocolors",
        "sisteransi"
      ]
    },
    "@deno/vite-plugin@1.0.4_vite@6.1.1": {
      "integrity": "sha512-xg8YT8Wn2sGXSnJgiGTpBGX1Dov0c6fd1rAp8VsfrCUtyBRRWzwVMAnd3fQ4yq8h7LSVvJUxEFN4U421k/DQLA==",
      "dependencies": [
        "vite@6.1.1"
      ]
    },
    "@esbuild/aix-ppc64@0.24.2": {
      "integrity": "sha512-thpVCb/rhxE/BnMLQ7GReQLLN8q9qbHmI55F4489/ByVg2aQaQ6kbcLb6FHkocZzQhxc4gx0sCk0tJkKBFzDhA=="
    },
    "@esbuild/android-arm64@0.24.2": {
      "integrity": "sha512-cNLgeqCqV8WxfcTIOeL4OAtSmL8JjcN6m09XIgro1Wi7cF4t/THaWEa7eL5CMoMBdjoHOTh/vwTO/o2TRXIyzg=="
    },
    "@esbuild/android-arm@0.24.2": {
      "integrity": "sha512-tmwl4hJkCfNHwFB3nBa8z1Uy3ypZpxqxfTQOcHX+xRByyYgunVbZ9MzUUfb0RxaHIMnbHagwAxuTL+tnNM+1/Q=="
    },
    "@esbuild/android-x64@0.24.2": {
      "integrity": "sha512-B6Q0YQDqMx9D7rvIcsXfmJfvUYLoP722bgfBlO5cGvNVb5V/+Y7nhBE3mHV9OpxBf4eAS2S68KZztiPaWq4XYw=="
    },
    "@esbuild/darwin-arm64@0.24.2": {
      "integrity": "sha512-kj3AnYWc+CekmZnS5IPu9D+HWtUI49hbnyqk0FLEJDbzCIQt7hg7ucF1SQAilhtYpIujfaHr6O0UHlzzSPdOeA=="
    },
    "@esbuild/darwin-x64@0.24.2": {
      "integrity": "sha512-WeSrmwwHaPkNR5H3yYfowhZcbriGqooyu3zI/3GGpF8AyUdsrrP0X6KumITGA9WOyiJavnGZUwPGvxvwfWPHIA=="
    },
    "@esbuild/freebsd-arm64@0.24.2": {
      "integrity": "sha512-UN8HXjtJ0k/Mj6a9+5u6+2eZ2ERD7Edt1Q9IZiB5UZAIdPnVKDoG7mdTVGhHJIeEml60JteamR3qhsr1r8gXvg=="
    },
    "@esbuild/freebsd-x64@0.24.2": {
      "integrity": "sha512-TvW7wE/89PYW+IevEJXZ5sF6gJRDY/14hyIGFXdIucxCsbRmLUcjseQu1SyTko+2idmCw94TgyaEZi9HUSOe3Q=="
    },
    "@esbuild/linux-arm64@0.24.2": {
      "integrity": "sha512-7HnAD6074BW43YvvUmE/35Id9/NB7BeX5EoNkK9obndmZBUk8xmJJeU7DwmUeN7tkysslb2eSl6CTrYz6oEMQg=="
    },
    "@esbuild/linux-arm@0.24.2": {
      "integrity": "sha512-n0WRM/gWIdU29J57hJyUdIsk0WarGd6To0s+Y+LwvlC55wt+GT/OgkwoXCXvIue1i1sSNWblHEig00GBWiJgfA=="
    },
    "@esbuild/linux-ia32@0.24.2": {
      "integrity": "sha512-sfv0tGPQhcZOgTKO3oBE9xpHuUqguHvSo4jl+wjnKwFpapx+vUDcawbwPNuBIAYdRAvIDBfZVvXprIj3HA+Ugw=="
    },
    "@esbuild/linux-loong64@0.24.2": {
      "integrity": "sha512-CN9AZr8kEndGooS35ntToZLTQLHEjtVB5n7dl8ZcTZMonJ7CCfStrYhrzF97eAecqVbVJ7APOEe18RPI4KLhwQ=="
    },
    "@esbuild/linux-mips64el@0.24.2": {
      "integrity": "sha512-iMkk7qr/wl3exJATwkISxI7kTcmHKE+BlymIAbHO8xanq/TjHaaVThFF6ipWzPHryoFsesNQJPE/3wFJw4+huw=="
    },
    "@esbuild/linux-ppc64@0.24.2": {
      "integrity": "sha512-shsVrgCZ57Vr2L8mm39kO5PPIb+843FStGt7sGGoqiiWYconSxwTiuswC1VJZLCjNiMLAMh34jg4VSEQb+iEbw=="
    },
    "@esbuild/linux-riscv64@0.24.2": {
      "integrity": "sha512-4eSFWnU9Hhd68fW16GD0TINewo1L6dRrB+oLNNbYyMUAeOD2yCK5KXGK1GH4qD/kT+bTEXjsyTCiJGHPZ3eM9Q=="
    },
    "@esbuild/linux-s390x@0.24.2": {
      "integrity": "sha512-S0Bh0A53b0YHL2XEXC20bHLuGMOhFDO6GN4b3YjRLK//Ep3ql3erpNcPlEFed93hsQAjAQDNsvcK+hV90FubSw=="
    },
    "@esbuild/linux-x64@0.24.2": {
      "integrity": "sha512-8Qi4nQcCTbLnK9WoMjdC9NiTG6/E38RNICU6sUNqK0QFxCYgoARqVqxdFmWkdonVsvGqWhmm7MO0jyTqLqwj0Q=="
    },
    "@esbuild/netbsd-arm64@0.24.2": {
      "integrity": "sha512-wuLK/VztRRpMt9zyHSazyCVdCXlpHkKm34WUyinD2lzK07FAHTq0KQvZZlXikNWkDGoT6x3TD51jKQ7gMVpopw=="
    },
    "@esbuild/netbsd-x64@0.24.2": {
      "integrity": "sha512-VefFaQUc4FMmJuAxmIHgUmfNiLXY438XrL4GDNV1Y1H/RW3qow68xTwjZKfj/+Plp9NANmzbH5R40Meudu8mmw=="
    },
    "@esbuild/openbsd-arm64@0.24.2": {
      "integrity": "sha512-YQbi46SBct6iKnszhSvdluqDmxCJA+Pu280Av9WICNwQmMxV7nLRHZfjQzwbPs3jeWnuAhE9Jy0NrnJ12Oz+0A=="
    },
    "@esbuild/openbsd-x64@0.24.2": {
      "integrity": "sha512-+iDS6zpNM6EnJyWv0bMGLWSWeXGN/HTaF/LXHXHwejGsVi+ooqDfMCCTerNFxEkM3wYVcExkeGXNqshc9iMaOA=="
    },
    "@esbuild/sunos-x64@0.24.2": {
      "integrity": "sha512-hTdsW27jcktEvpwNHJU4ZwWFGkz2zRJUz8pvddmXPtXDzVKTTINmlmga3ZzwcuMpUvLw7JkLy9QLKyGpD2Yxig=="
    },
    "@esbuild/win32-arm64@0.24.2": {
      "integrity": "sha512-LihEQ2BBKVFLOC9ZItT9iFprsE9tqjDjnbulhHoFxYQtQfai7qfluVODIYxt1PgdoyQkz23+01rzwNwYfutxUQ=="
    },
    "@esbuild/win32-ia32@0.24.2": {
      "integrity": "sha512-q+iGUwfs8tncmFC9pcnD5IvRHAzmbwQ3GPS5/ceCyHdjXubwQWI12MKWSNSMYLJMq23/IUCvJMS76PDqXe1fxA=="
    },
    "@esbuild/win32-x64@0.24.2": {
      "integrity": "sha512-7VTgWzgMGvup6aSqDPLiW5zHaxYJGTO4OokMjIlrCtf+VpEL+cXKtCvg723iguPYI5oaUNdS+/V7OU2gvXVWEg=="
    },
    "@floating-ui/core@1.6.9": {
      "integrity": "sha512-uMXCuQ3BItDUbAMhIXw7UPXRfAlOAvZzdK9BWpE60MCn+Svt3aLn9jsPTi/WNGlRUu2uI0v5S7JiIUsbsvh3fw==",
      "dependencies": [
        "@floating-ui/utils"
      ]
    },
    "@floating-ui/dom@1.6.13": {
      "integrity": "sha512-umqzocjDgNRGTuO7Q8CU32dkHkECqI8ZdMZ5Swb6QAM0t5rnlrN3lGo1hdpscRd3WS8T6DKYK4ephgIH9iRh3w==",
      "dependencies": [
        "@floating-ui/core",
        "@floating-ui/utils"
      ]
    },
    "@floating-ui/utils@0.2.9": {
      "integrity": "sha512-MDWhGtE+eHw5JW7lq4qhc5yRLS11ERl1c7Z6Xd0a58DozHES6EnNNwUWbMiG4J9Cgj053Bhk8zvlhFYKVhULwg=="
    },
    "@internationalized/date@3.7.0": {
      "integrity": "sha512-VJ5WS3fcVx0bejE/YHfbDKR/yawZgKqn/if+oEeLqNwBtPzVB06olkfcnojTmEMX+gTpH+FlQ69SHNitJ8/erQ==",
      "dependencies": [
        "@swc/helpers"
      ]
    },
    "@jridgewell/gen-mapping@0.3.8": {
      "integrity": "sha512-imAbBGkb+ebQyxKgzv5Hu2nmROxoDOXHh80evxdoXNOrvAnVx7zimzc1Oo5h9RlfV4vPXaE2iM5pOFbvOCClWA==",
      "dependencies": [
        "@jridgewell/set-array",
        "@jridgewell/sourcemap-codec",
        "@jridgewell/trace-mapping"
      ]
    },
    "@jridgewell/resolve-uri@3.1.2": {
      "integrity": "sha512-bRISgCIjP20/tbWSPWMEi54QVPRZExkuD9lJL+UIxUKtwVJA8wW1Trb1jMs1RFXo1CBTNZ/5hpC9QvmKWdopKw=="
    },
    "@jridgewell/set-array@1.2.1": {
      "integrity": "sha512-R8gLRTZeyp03ymzP/6Lil/28tGeGEzhx1q2k703KGWRAI1VdvPIXdG70VJc2pAMw3NA6JKL5hhFu1sJX0Mnn/A=="
    },
    "@jridgewell/sourcemap-codec@1.5.0": {
      "integrity": "sha512-gv3ZRaISU3fjPAgNsriBRqGWQL6quFx04YMPW/zD8XMLsU32mhCCbfbO6KZFLjvYpCZ8zyDEgqsgf+PwPaM7GQ=="
    },
    "@jridgewell/trace-mapping@0.3.25": {
      "integrity": "sha512-vNk6aEwybGtawWmy/PzwnGDOjCkLWSD2wqvjGGAgOAwCGWySYXfYoxt00IJkTF+8Lb57DwOb3Aa0o9CApepiYQ==",
      "dependencies": [
        "@jridgewell/resolve-uri",
        "@jridgewell/sourcemap-codec"
      ]
    },
    "@polka/url@1.0.0-next.28": {
      "integrity": "sha512-8LduaNlMZGwdZ6qWrKlfa+2M4gahzFkprZiAt2TF8uS0qQgBizKXpXURqvTJ4WtmupWxaLqjRb2UCTe72mu+Aw=="
    },
    "@prisma/client@6.4.1": {
      "integrity": "sha512-A7Mwx44+GVZVexT5e2GF/WcKkEkNNKbgr059xpr5mn+oUm2ZW1svhe+0TRNBwCdzhfIZ+q23jEgsNPvKD9u+6g=="
    },
    "@rollup/rollup-android-arm-eabi@4.34.8": {
      "integrity": "sha512-q217OSE8DTp8AFHuNHXo0Y86e1wtlfVrXiAlwkIvGRQv9zbc6mE3sjIVfwI8sYUyNxwOg0j/Vm1RKM04JcWLJw=="
    },
    "@rollup/rollup-android-arm64@4.34.8": {
      "integrity": "sha512-Gigjz7mNWaOL9wCggvoK3jEIUUbGul656opstjaUSGC3eT0BM7PofdAJaBfPFWWkXNVAXbaQtC99OCg4sJv70Q=="
    },
    "@rollup/rollup-darwin-arm64@4.34.8": {
      "integrity": "sha512-02rVdZ5tgdUNRxIUrFdcMBZQoaPMrxtwSb+/hOfBdqkatYHR3lZ2A2EGyHq2sGOd0Owk80oV3snlDASC24He3Q=="
    },
    "@rollup/rollup-darwin-x64@4.34.8": {
      "integrity": "sha512-qIP/elwR/tq/dYRx3lgwK31jkZvMiD6qUtOycLhTzCvrjbZ3LjQnEM9rNhSGpbLXVJYQ3rq39A6Re0h9tU2ynw=="
    },
    "@rollup/rollup-freebsd-arm64@4.34.8": {
      "integrity": "sha512-IQNVXL9iY6NniYbTaOKdrlVP3XIqazBgJOVkddzJlqnCpRi/yAeSOa8PLcECFSQochzqApIOE1GHNu3pCz+BDA=="
    },
    "@rollup/rollup-freebsd-x64@4.34.8": {
      "integrity": "sha512-TYXcHghgnCqYFiE3FT5QwXtOZqDj5GmaFNTNt3jNC+vh22dc/ukG2cG+pi75QO4kACohZzidsq7yKTKwq/Jq7Q=="
    },
    "@rollup/rollup-linux-arm-gnueabihf@4.34.8": {
      "integrity": "sha512-A4iphFGNkWRd+5m3VIGuqHnG3MVnqKe7Al57u9mwgbyZ2/xF9Jio72MaY7xxh+Y87VAHmGQr73qoKL9HPbXj1g=="
    },
    "@rollup/rollup-linux-arm-musleabihf@4.34.8": {
      "integrity": "sha512-S0lqKLfTm5u+QTxlFiAnb2J/2dgQqRy/XvziPtDd1rKZFXHTyYLoVL58M/XFwDI01AQCDIevGLbQrMAtdyanpA=="
    },
    "@rollup/rollup-linux-arm64-gnu@4.34.8": {
      "integrity": "sha512-jpz9YOuPiSkL4G4pqKrus0pn9aYwpImGkosRKwNi+sJSkz+WU3anZe6hi73StLOQdfXYXC7hUfsQlTnjMd3s1A=="
    },
    "@rollup/rollup-linux-arm64-musl@4.34.8": {
      "integrity": "sha512-KdSfaROOUJXgTVxJNAZ3KwkRc5nggDk+06P6lgi1HLv1hskgvxHUKZ4xtwHkVYJ1Rep4GNo+uEfycCRRxht7+Q=="
    },
    "@rollup/rollup-linux-loongarch64-gnu@4.34.8": {
      "integrity": "sha512-NyF4gcxwkMFRjgXBM6g2lkT58OWztZvw5KkV2K0qqSnUEqCVcqdh2jN4gQrTn/YUpAcNKyFHfoOZEer9nwo6uQ=="
    },
    "@rollup/rollup-linux-powerpc64le-gnu@4.34.8": {
      "integrity": "sha512-LMJc999GkhGvktHU85zNTDImZVUCJ1z/MbAJTnviiWmmjyckP5aQsHtcujMjpNdMZPT2rQEDBlJfubhs3jsMfw=="
    },
    "@rollup/rollup-linux-riscv64-gnu@4.34.8": {
      "integrity": "sha512-xAQCAHPj8nJq1PI3z8CIZzXuXCstquz7cIOL73HHdXiRcKk8Ywwqtx2wrIy23EcTn4aZ2fLJNBB8d0tQENPCmw=="
    },
    "@rollup/rollup-linux-s390x-gnu@4.34.8": {
      "integrity": "sha512-DdePVk1NDEuc3fOe3dPPTb+rjMtuFw89gw6gVWxQFAuEqqSdDKnrwzZHrUYdac7A7dXl9Q2Vflxpme15gUWQFA=="
    },
    "@rollup/rollup-linux-x64-gnu@4.34.8": {
      "integrity": "sha512-8y7ED8gjxITUltTUEJLQdgpbPh1sUQ0kMTmufRF/Ns5tI9TNMNlhWtmPKKHCU0SilX+3MJkZ0zERYYGIVBYHIA=="
    },
    "@rollup/rollup-linux-x64-musl@4.34.8": {
      "integrity": "sha512-SCXcP0ZpGFIe7Ge+McxY5zKxiEI5ra+GT3QRxL0pMMtxPfpyLAKleZODi1zdRHkz5/BhueUrYtYVgubqe9JBNQ=="
    },
    "@rollup/rollup-win32-arm64-msvc@4.34.8": {
      "integrity": "sha512-YHYsgzZgFJzTRbth4h7Or0m5O74Yda+hLin0irAIobkLQFRQd1qWmnoVfwmKm9TXIZVAD0nZ+GEb2ICicLyCnQ=="
    },
    "@rollup/rollup-win32-ia32-msvc@4.34.8": {
      "integrity": "sha512-r3NRQrXkHr4uWy5TOjTpTYojR9XmF0j/RYgKCef+Ag46FWUTltm5ziticv8LdNsDMehjJ543x/+TJAek/xBA2w=="
    },
    "@rollup/rollup-win32-x64-msvc@4.34.8": {
      "integrity": "sha512-U0FaE5O1BCpZSeE6gBl3c5ObhePQSfk9vDRToMmTkbhCOgW4jqvtS5LGyQ76L1fH8sM0keRp4uDTsbjiUyjk0g=="
    },
    "@sveltejs/adapter-auto@4.0.0_@sveltejs+kit@2.17.2__@sveltejs+vite-plugin-svelte@5.0.3___svelte@5.20.2____acorn@8.14.0___vite@6.1.1__svelte@5.20.2___acorn@8.14.0__vite@6.1.1_@sveltejs+vite-plugin-svelte@5.0.3__svelte@5.20.2___acorn@8.14.0__vite@6.1.1_svelte@5.20.2__acorn@8.14.0_vite@6.1.1": {
      "integrity": "sha512-kmuYSQdD2AwThymQF0haQhM8rE5rhutQXG4LNbnbShwhMO4qQGnKaaTy+88DuNSuoQDi58+thpq8XpHc1+oEKQ==",
      "dependencies": [
        "@sveltejs/kit@2.17.2_@sveltejs+vite-plugin-svelte@5.0.3__svelte@5.20.2___acorn@8.14.0__vite@6.1.1_svelte@5.20.2__acorn@8.14.0_vite@6.1.1",
        "import-meta-resolve"
      ]
    },
    "@sveltejs/kit@2.17.2_@sveltejs+vite-plugin-svelte@5.0.3__svelte@5.20.2___acorn@8.14.0__vite@6.1.1_svelte@5.20.2__acorn@8.14.0_vite@6.1.1": {
      "integrity": "sha512-Vypk02baf7qd3SOB1uUwUC/3Oka+srPo2J0a8YN3EfJypRshDkNx9HzNKjSmhOnGWwT+SSO06+N0mAb8iVTmTQ==",
      "dependencies": [
        "@sveltejs/vite-plugin-svelte@5.0.3_svelte@5.20.2__acorn@8.14.0_vite@6.1.1",
        "@types/cookie",
        "cookie",
        "devalue",
        "esm-env",
        "import-meta-resolve",
        "kleur",
        "magic-string",
        "mrmime",
        "sade",
        "set-cookie-parser",
        "sirv",
        "svelte",
        "vite@6.1.1"
      ]
    },
    "@sveltejs/kit@2.17.2_@sveltejs+vite-plugin-svelte@5.0.3__svelte@5.20.2___acorn@8.14.0__vite@6.1.1_svelte@5.20.2__acorn@8.14.0_vite@6.1.1_vite@6.1.1__@types+node@22.13.10_@types+node@22.13.10": {
      "integrity": "sha512-Vypk02baf7qd3SOB1uUwUC/3Oka+srPo2J0a8YN3EfJypRshDkNx9HzNKjSmhOnGWwT+SSO06+N0mAb8iVTmTQ==",
      "dependencies": [
        "@sveltejs/vite-plugin-svelte@5.0.3_svelte@5.20.2__acorn@8.14.0_vite@6.1.1_vite@6.1.1__@types+node@22.13.10_@types+node@22.13.10",
        "@types/cookie",
        "cookie",
        "devalue",
        "esm-env",
        "import-meta-resolve",
        "kleur",
        "magic-string",
        "mrmime",
        "sade",
        "set-cookie-parser",
        "sirv",
        "svelte",
        "vite@6.1.1_@types+node@22.13.10"
      ]
    },
    "@sveltejs/vite-plugin-svelte-inspector@4.0.1_@sveltejs+vite-plugin-svelte@5.0.3__svelte@5.20.2___acorn@8.14.0__vite@6.1.1_svelte@5.20.2__acorn@8.14.0_vite@6.1.1": {
      "integrity": "sha512-J/Nmb2Q2y7mck2hyCX4ckVHcR5tu2J+MtBEQqpDrrgELZ2uvraQcK/ioCV61AqkdXFgriksOKIceDcQmqnGhVw==",
      "dependencies": [
        "@sveltejs/vite-plugin-svelte@5.0.3_svelte@5.20.2__acorn@8.14.0_vite@6.1.1",
        "debug",
        "svelte",
        "vite@6.1.1"
      ]
    },
    "@sveltejs/vite-plugin-svelte-inspector@4.0.1_@sveltejs+vite-plugin-svelte@5.0.3__svelte@5.20.2___acorn@8.14.0__vite@6.1.1_svelte@5.20.2__acorn@8.14.0_vite@6.1.1_@sveltejs+vite-plugin-svelte@5.0.3__svelte@5.20.2___acorn@8.14.0__vite@6.1.1__vite@6.1.1___@types+node@22.13.10__@types+node@22.13.10_vite@6.1.1__@types+node@22.13.10_@types+node@22.13.10": {
      "integrity": "sha512-J/Nmb2Q2y7mck2hyCX4ckVHcR5tu2J+MtBEQqpDrrgELZ2uvraQcK/ioCV61AqkdXFgriksOKIceDcQmqnGhVw==",
      "dependencies": [
        "@sveltejs/vite-plugin-svelte@5.0.3_svelte@5.20.2__acorn@8.14.0_vite@6.1.1_vite@6.1.1__@types+node@22.13.10_@types+node@22.13.10",
        "debug",
        "svelte",
        "vite@6.1.1_@types+node@22.13.10"
      ]
    },
    "@sveltejs/vite-plugin-svelte@5.0.3_svelte@5.20.2__acorn@8.14.0_vite@6.1.1": {
      "integrity": "sha512-MCFS6CrQDu1yGwspm4qtli0e63vaPCehf6V7pIMP15AsWgMKrqDGCPFF/0kn4SP0ii4aySu4Pa62+fIRGFMjgw==",
      "dependencies": [
        "@sveltejs/vite-plugin-svelte-inspector@4.0.1_@sveltejs+vite-plugin-svelte@5.0.3__svelte@5.20.2___acorn@8.14.0__vite@6.1.1_svelte@5.20.2__acorn@8.14.0_vite@6.1.1",
        "debug",
        "deepmerge",
        "kleur",
        "magic-string",
        "svelte",
        "vite@6.1.1",
        "vitefu@1.0.5_vite@6.1.1"
      ]
    },
    "@sveltejs/vite-plugin-svelte@5.0.3_svelte@5.20.2__acorn@8.14.0_vite@6.1.1_vite@6.1.1__@types+node@22.13.10_@types+node@22.13.10": {
      "integrity": "sha512-MCFS6CrQDu1yGwspm4qtli0e63vaPCehf6V7pIMP15AsWgMKrqDGCPFF/0kn4SP0ii4aySu4Pa62+fIRGFMjgw==",
      "dependencies": [
        "@sveltejs/vite-plugin-svelte-inspector@4.0.1_@sveltejs+vite-plugin-svelte@5.0.3__svelte@5.20.2___acorn@8.14.0__vite@6.1.1_svelte@5.20.2__acorn@8.14.0_vite@6.1.1_@sveltejs+vite-plugin-svelte@5.0.3__svelte@5.20.2___acorn@8.14.0__vite@6.1.1__vite@6.1.1___@types+node@22.13.10__@types+node@22.13.10_vite@6.1.1__@types+node@22.13.10_@types+node@22.13.10",
        "debug",
        "deepmerge",
        "kleur",
        "magic-string",
        "svelte",
        "vite@6.1.1_@types+node@22.13.10",
        "vitefu@1.0.5_vite@6.1.1_vite@6.1.1__@types+node@22.13.10_@types+node@22.13.10"
      ]
    },
    "@swc/helpers@0.5.15": {
      "integrity": "sha512-JQ5TuMi45Owi4/BIMAJBoSQoOJu12oOk/gADqlcUL9JEdHB8vyjUSsxqeNXnmXHjYKMi2WcYtezGEEhqUI/E2g==",
      "dependencies": [
        "tslib"
      ]
    },
    "@tailwindcss/node@4.0.12": {
      "integrity": "sha512-a6J11K1Ztdln9OrGfoM75/hChYPcHYGNYimqciMrvKXRmmPaS8XZTHhdvb5a3glz4Kd4ZxE1MnuFE2c0fGGmtg==",
      "dependencies": [
        "enhanced-resolve",
        "jiti",
        "tailwindcss"
      ]
    },
    "@tailwindcss/oxide-android-arm64@4.0.12": {
      "integrity": "sha512-dAXCaemu3mHLXcA5GwGlQynX8n7tTdvn5i1zAxRvZ5iC9fWLl5bGnjZnzrQqT7ttxCvRwdVf3IHUnMVdDBO/kQ=="
    },
    "@tailwindcss/oxide-darwin-arm64@4.0.12": {
      "integrity": "sha512-vPNI+TpJQ7sizselDXIJdYkx9Cu6JBdtmRWujw9pVIxW8uz3O2PjgGGzL/7A0sXI8XDjSyRChrUnEW9rQygmJQ=="
    },
    "@tailwindcss/oxide-darwin-x64@4.0.12": {
      "integrity": "sha512-RL/9jM41Fdq4Efr35C5wgLx98BirnrfwuD+zgMFK6Ir68HeOSqBhW9jsEeC7Y/JcGyPd3MEoJVIU4fAb7YLg7A=="
    },
    "@tailwindcss/oxide-freebsd-x64@4.0.12": {
      "integrity": "sha512-7WzWiax+LguJcMEimY0Q4sBLlFXu1tYxVka3+G2M9KmU/3m84J3jAIV4KZWnockbHsbb2XgrEjtlJKVwHQCoRA=="
    },
    "@tailwindcss/oxide-linux-arm-gnueabihf@4.0.12": {
      "integrity": "sha512-X9LRC7jjE1QlfIaBbXjY0PGeQP87lz5mEfLSVs2J1yRc9PSg1tEPS9NBqY4BU9v5toZgJgzKeaNltORyTs22TQ=="
    },
    "@tailwindcss/oxide-linux-arm64-gnu@4.0.12": {
      "integrity": "sha512-i24IFNq2402zfDdoWKypXz0ZNS2G4NKaA82tgBlE2OhHIE+4mg2JDb5wVfyP6R+MCm5grgXvurcIcKWvo44QiQ=="
    },
    "@tailwindcss/oxide-linux-arm64-musl@4.0.12": {
      "integrity": "sha512-LmOdshJBfAGIBG0DdBWhI0n5LTMurnGGJCHcsm9F//ISfsHtCnnYIKgYQui5oOz1SUCkqsMGfkAzWyNKZqbGNw=="
    },
    "@tailwindcss/oxide-linux-x64-gnu@4.0.12": {
      "integrity": "sha512-OSK667qZRH30ep8RiHbZDQfqkXjnzKxdn0oRwWzgCO8CoTxV+MvIkd0BWdQbYtYuM1wrakARV/Hwp0eA/qzdbw=="
    },
    "@tailwindcss/oxide-linux-x64-musl@4.0.12": {
      "integrity": "sha512-uylhWq6OWQ8krV8Jk+v0H/3AZKJW6xYMgNMyNnUbbYXWi7hIVdxRKNUB5UvrlC3RxtgsK5EAV2i1CWTRsNcAnA=="
    },
    "@tailwindcss/oxide-win32-arm64-msvc@4.0.12": {
      "integrity": "sha512-XDLnhMoXZEEOir1LK43/gHHwK84V1GlV8+pAncUAIN2wloeD+nNciI9WRIY/BeFTqES22DhTIGoilSO39xDb2g=="
    },
    "@tailwindcss/oxide-win32-x64-msvc@4.0.12": {
      "integrity": "sha512-I/BbjCLpKDQucvtn6rFuYLst1nfFwSMYyPzkx/095RE+tuzk5+fwXuzQh7T3fIBTcbn82qH/sFka7yPGA50tLw=="
    },
    "@tailwindcss/oxide@4.0.12": {
      "integrity": "sha512-DWb+myvJB9xJwelwT9GHaMc1qJj6MDXRDR0CS+T8IdkejAtu8ctJAgV4r1drQJLPeS7mNwq2UHW2GWrudTf63A==",
      "dependencies": [
        "@tailwindcss/oxide-android-arm64",
        "@tailwindcss/oxide-darwin-arm64",
        "@tailwindcss/oxide-darwin-x64",
        "@tailwindcss/oxide-freebsd-x64",
        "@tailwindcss/oxide-linux-arm-gnueabihf",
        "@tailwindcss/oxide-linux-arm64-gnu",
        "@tailwindcss/oxide-linux-arm64-musl",
        "@tailwindcss/oxide-linux-x64-gnu",
        "@tailwindcss/oxide-linux-x64-musl",
        "@tailwindcss/oxide-win32-arm64-msvc",
        "@tailwindcss/oxide-win32-x64-msvc"
      ]
    },
    "@tailwindcss/vite@4.0.12_vite@6.1.1_lightningcss@1.29.2": {
      "integrity": "sha512-JM3gp601UJiryIZ9R2bSqalzcOy15RCybQ1Q+BJqDEwVyo4LkWKeqQAcrpHapWXY31OJFTuOUVBFDWMhzHm2Bg==",
      "dependencies": [
        "@tailwindcss/node",
        "@tailwindcss/oxide",
        "lightningcss",
        "tailwindcss",
        "vite@6.1.1_lightningcss@1.29.2"
      ]
    },
    "@types/cookie@0.6.0": {
      "integrity": "sha512-4Kh9a6B2bQciAhf7FSuMRRkUWecJgJu9nPnx3yzpsfXX/c50REIqpHY4C82bXP90qrLtXtkDxTZosYO3UpOwlA=="
    },
    "@types/estree@1.0.6": {
      "integrity": "sha512-AYnb1nQyY49te+VRAVgmzfcgjYS91mY5P0TKUDCLEM+gNnA+3T6rWITXRLYCpahpqSQbN5cE+gHpnPyXjHWxcw=="
    },
    "@types/node@22.13.10": {
      "integrity": "sha512-I6LPUvlRH+O6VRUqYOcMudhaIdUVWfsjnZavnsraHvpBwaEyMN29ry+0UVJhImYL16xsscu0aske3yA+uPOWfw==",
      "dependencies": [
        "undici-types"
      ]
    },
    "acorn-typescript@1.4.13_acorn@8.14.0": {
      "integrity": "sha512-xsc9Xv0xlVfwp2o7sQ+GCQ1PgbkdcpWdTzrwXxO3xDMTAywVS3oXVOcOHuRjAPkS4P9b+yc/qNF15460v+jp4Q==",
      "dependencies": [
        "acorn"
      ]
    },
    "acorn@8.14.0": {
      "integrity": "sha512-cl669nCJTZBsL97OF4kUQm5g5hC2uihk0NxY3WENAC0TYdILVkAyHymAntgxGkl7K+t0cXIrH5siy5S4XkFycA=="
    },
    "aria-query@5.3.2": {
      "integrity": "sha512-COROpnaoap1E2F000S62r6A60uHZnmlvomhfyT2DlTcrY1OrBKn2UhH7qn5wTC9zMvD0AY7csdPSNwKP+7WiQw=="
    },
    "axobject-query@4.1.0": {
      "integrity": "sha512-qIj0G9wZbMGNLjLmg1PT6v2mE9AH2zlnADJD/2tC6E00hgmhUOfEB6greHPAfLRSufHqROIUTkw6E+M3lH0PTQ=="
    },
    "bits-ui@1.3.6_svelte@5.20.2__acorn@8.14.0": {
      "integrity": "sha512-0Ee7Ox5KqIBdio/+TG387Xlj6QJ0S7tHVS2K4DYiBHxBRbm6ni13i/pOoNDjeME6NOGUZxbSe4dNZIW3pGlxZA==",
      "dependencies": [
        "@floating-ui/core",
        "@floating-ui/dom",
        "@internationalized/date",
        "esm-env",
        "runed",
        "svelte",
        "svelte-toolbelt",
        "tabbable"
      ]
    },
    "chalk@5.2.0": {
      "integrity": "sha512-ree3Gqw/nazQAPuJJEy+avdl7QfZMcUvmHIKgEZkGL+xOBzRvup5Hxo6LHuMceSxOabuJLJm5Yp/92R9eMmMvA=="
    },
    "chokidar@4.0.3": {
      "integrity": "sha512-Qgzu8kfBvo+cA4962jnP1KkS6Dop5NS6g7R5LFYJr4b8Ub94PPQXUksCw9PvXoeXPRRddRNC5C1JQUR2SMGtnA==",
      "dependencies": [
        "readdirp"
      ]
    },
    "clsx@2.1.1": {
      "integrity": "sha512-eYm0QWBtUrBWZWG0d386OGAw16Z995PiOVo2B7bjWSbHedGl5e0ZWaq65kOGgUSNesEIDkB9ISbTg/JK9dhCZA=="
    },
    "commander@10.0.1": {
      "integrity": "sha512-y4Mg2tXshplEbSGzx7amzPwKKOCGuoSRP/CjEdwwk0FOGlUbq6lKuoyDZTNZkmxHdJtp54hdfY/JUrdL7Xfdug=="
    },
    "cookie@0.6.0": {
      "integrity": "sha512-U71cyTamuh1CRNCfpGY6to28lxvNwPG4Guz/EVjgf3Jmzv0vlDp1atT9eS5dDjMYHucpHbWns6Lwf3BKz6svdw=="
    },
    "cross-spawn@7.0.6": {
      "integrity": "sha512-uV2QOWP2nWzsy2aMp8aRibhi9dlzF5Hgh5SHaB9OiTGEyDTiJJyx0uy51QXdyWbtAHNua4XJzUKca3OzKUd3vA==",
      "dependencies": [
        "path-key@3.1.1",
        "shebang-command",
        "which"
      ]
    },
    "debug@4.4.0": {
      "integrity": "sha512-6WTZ/IxCY/T6BALoZHaE4ctp9xm+Z5kY/pzYaCHRFeyVhojxlrm+46y68HA6hr0TcwEssoxNiDEUJQjfPZ/RYA==",
      "dependencies": [
        "ms"
      ]
    },
    "deepmerge@4.3.1": {
      "integrity": "sha512-3sUqbMEc77XqpdNO7FRyRog+eW3ph+GYCbj+rK+uYyRMuwsVy0rMiVtPn+QJlKFvWP/1PYpapqYn0Me2knFn+A=="
    },
    "detect-libc@2.0.3": {
      "integrity": "sha512-bwy0MGW55bG41VqxxypOsdSdGqLwXPI/focwgTYCFMbdUiBAxLg9CFzG08sz2aqzknwiX7Hkl0bQENjg8iLByw=="
    },
    "devalue@5.1.1": {
      "integrity": "sha512-maua5KUiapvEwiEAe+XnlZ3Rh0GD+qI1J/nb9vrJc3muPXvcF/8gXYTWF76+5DAqHyDUtOIImEuo0YKE9mshVw=="
    },
    "enhanced-resolve@5.18.1": {
      "integrity": "sha512-ZSW3ma5GkcQBIpwZTSRAI8N71Uuwgs93IezB7mf7R60tC8ZbJideoDNKjHn2O9KIlx6rkGTTEk1xUCK2E1Y2Yg==",
      "dependencies": [
        "graceful-fs",
        "tapable"
      ]
    },
    "esbuild@0.24.2": {
      "integrity": "sha512-+9egpBW8I3CD5XPe0n6BfT5fxLzxrlDzqydF3aviG+9ni1lDC/OvMHcxqEFV0+LANZG5R1bFMWfUrjVsdwxJvA==",
      "dependencies": [
        "@esbuild/aix-ppc64",
        "@esbuild/android-arm",
        "@esbuild/android-arm64",
        "@esbuild/android-x64",
        "@esbuild/darwin-arm64",
        "@esbuild/darwin-x64",
        "@esbuild/freebsd-arm64",
        "@esbuild/freebsd-x64",
        "@esbuild/linux-arm",
        "@esbuild/linux-arm64",
        "@esbuild/linux-ia32",
        "@esbuild/linux-loong64",
        "@esbuild/linux-mips64el",
        "@esbuild/linux-ppc64",
        "@esbuild/linux-riscv64",
        "@esbuild/linux-s390x",
        "@esbuild/linux-x64",
        "@esbuild/netbsd-arm64",
        "@esbuild/netbsd-x64",
        "@esbuild/openbsd-arm64",
        "@esbuild/openbsd-x64",
        "@esbuild/sunos-x64",
        "@esbuild/win32-arm64",
        "@esbuild/win32-ia32",
        "@esbuild/win32-x64"
      ]
    },
    "esm-env@1.2.2": {
      "integrity": "sha512-Epxrv+Nr/CaL4ZcFGPJIYLWFom+YeV1DqMLHJoEd9SYRxNbaFruBwfEX/kkHUJf55j2+TUbmDcmuilbP1TmXHA=="
    },
    "esrap@1.4.5": {
      "integrity": "sha512-CjNMjkBWWZeHn+VX+gS8YvFwJ5+NDhg8aWZBSFJPR8qQduDNjbJodA2WcwCm7uQa5Rjqj+nZvVmceg1RbHFB9g==",
      "dependencies": [
        "@jridgewell/sourcemap-codec"
      ]
    },
    "execa@7.2.0": {
      "integrity": "sha512-UduyVP7TLB5IcAQl+OzLyLcS/l32W/GLg+AhHJ+ow40FOk2U3SAllPwR44v4vmdFwIWqpdwxxpQbF1n5ta9seA==",
      "dependencies": [
        "cross-spawn",
        "get-stream",
        "human-signals",
        "is-stream",
        "merge-stream",
        "npm-run-path",
        "onetime",
        "signal-exit",
        "strip-final-newline"
      ]
    },
    "fdir@6.4.3": {
      "integrity": "sha512-PMXmW2y1hDDfTSRc9gaXIuCCRpuoz3Kaz8cUelp3smouvfT632ozg2vrT6lJsHKKOF59YLbOGfAWGUcKEfRMQw=="
    },
    "fsevents@2.3.3": {
      "integrity": "sha512-5xoDfX+fL7faATnagmWPpbFtwh/R77WmMMqqHGS65C3vvB0YHrgF+B1YmZ3441tMj5n63k0212XNoJwzlhffQw=="
    },
    "get-stream@6.0.1": {
      "integrity": "sha512-ts6Wi+2j3jQjqi70w5AlN8DFnkSwC+MqmxEzdEALB2qXZYV3X/b1CTfgPLGJNMeAWxdPfU8FO1ms3NUfaHCPYg=="
    },
    "graceful-fs@4.2.11": {
      "integrity": "sha512-RbJ5/jmFcNNCcDV5o9eTnBLJ/HszWV0P73bc+Ff4nS/rJj+YaS6IGyiOL0VoBYX+l1Wrl3k63h/KrH+nhJ0XvQ=="
    },
    "human-signals@4.3.1": {
      "integrity": "sha512-nZXjEF2nbo7lIw3mgYjItAfgQXog3OjJogSbKa2CQIIvSGWcKgeJnQlNXip6NglNzYH45nSRiEVimMvYL8DDqQ=="
    },
    "import-meta-resolve@4.1.0": {
      "integrity": "sha512-I6fiaX09Xivtk+THaMfAwnA3MVA5Big1WHF1Dfx9hFuvNIWpXnorlkzhcQf6ehrqQiiZECRt1poOAkPmer3ruw=="
    },
    "inline-style-parser@0.2.4": {
      "integrity": "sha512-0aO8FkhNZlj/ZIbNi7Lxxr12obT7cL1moPfE4tg1LkX7LlLfC6DeX4l2ZEud1ukP9jNQyNnfzQVqwbwmAATY4Q=="
    },
    "is-reference@3.0.3": {
      "integrity": "sha512-ixkJoqQvAP88E6wLydLGGqCJsrFUnqoH6HnaczB8XmDH1oaWU+xxdptvikTgaEhtZ53Ky6YXiBuUI2WXLMCwjw==",
      "dependencies": [
        "@types/estree"
      ]
    },
    "is-stream@3.0.0": {
      "integrity": "sha512-LnQR4bZ9IADDRSkvpqMGvt/tEJWclzklNgSw48V5EAaAeDd6qGvN8ei6k5p0tvxSR171VmGyHuTiAOfxAbr8kA=="
    },
    "is-unicode-supported@2.1.0": {
      "integrity": "sha512-mE00Gnza5EEB3Ds0HfMyllZzbBrmLOX3vfWoj9A9PEnTfratQ/BcaJOuMhnkhjXvb2+FkY3VuHqtAGpTPmglFQ=="
    },
    "isexe@2.0.0": {
      "integrity": "sha512-RHxMLp9lnKHGHRng9QFhRCMbYAcVpn69smSGcq3f36xjgVVWThj4qqLbTLlq7Ssj8B+fIQ1EuCEGI2lKsyQeIw=="
    },
    "jiti@2.4.2": {
      "integrity": "sha512-rg9zJN+G4n2nfJl5MW3BMygZX56zKPNVEYYqq7adpmMh4Jn2QNEwhvQlFy6jPVdcod7txZtKHWnyZiA3a0zP7A=="
    },
    "kleur@4.1.5": {
      "integrity": "sha512-o+NO+8WrRiQEE4/7nwRJhN1HWpVmJm511pBHUxPLtp0BUISzlBplORYSmTclCnJvQq2tKu/sgl3xVpkc7ZWuQQ=="
    },
    "lightningcss-darwin-arm64@1.29.2": {
      "integrity": "sha512-cK/eMabSViKn/PG8U/a7aCorpeKLMlK0bQeNHmdb7qUnBkNPnL+oV5DjJUo0kqWsJUapZsM4jCfYItbqBDvlcA=="
    },
    "lightningcss-darwin-x64@1.29.2": {
      "integrity": "sha512-j5qYxamyQw4kDXX5hnnCKMf3mLlHvG44f24Qyi2965/Ycz829MYqjrVg2H8BidybHBp9kom4D7DR5VqCKDXS0w=="
    },
    "lightningcss-freebsd-x64@1.29.2": {
      "integrity": "sha512-wDk7M2tM78Ii8ek9YjnY8MjV5f5JN2qNVO+/0BAGZRvXKtQrBC4/cn4ssQIpKIPP44YXw6gFdpUF+Ps+RGsCwg=="
    },
    "lightningcss-linux-arm-gnueabihf@1.29.2": {
      "integrity": "sha512-IRUrOrAF2Z+KExdExe3Rz7NSTuuJ2HvCGlMKoquK5pjvo2JY4Rybr+NrKnq0U0hZnx5AnGsuFHjGnNT14w26sg=="
    },
    "lightningcss-linux-arm64-gnu@1.29.2": {
      "integrity": "sha512-KKCpOlmhdjvUTX/mBuaKemp0oeDIBBLFiU5Fnqxh1/DZ4JPZi4evEH7TKoSBFOSOV3J7iEmmBaw/8dpiUvRKlQ=="
    },
    "lightningcss-linux-arm64-musl@1.29.2": {
      "integrity": "sha512-Q64eM1bPlOOUgxFmoPUefqzY1yV3ctFPE6d/Vt7WzLW4rKTv7MyYNky+FWxRpLkNASTnKQUaiMJ87zNODIrrKQ=="
    },
    "lightningcss-linux-x64-gnu@1.29.2": {
      "integrity": "sha512-0v6idDCPG6epLXtBH/RPkHvYx74CVziHo6TMYga8O2EiQApnUPZsbR9nFNrg2cgBzk1AYqEd95TlrsL7nYABQg=="
    },
    "lightningcss-linux-x64-musl@1.29.2": {
      "integrity": "sha512-rMpz2yawkgGT8RULc5S4WiZopVMOFWjiItBT7aSfDX4NQav6M44rhn5hjtkKzB+wMTRlLLqxkeYEtQ3dd9696w=="
    },
    "lightningcss-win32-arm64-msvc@1.29.2": {
      "integrity": "sha512-nL7zRW6evGQqYVu/bKGK+zShyz8OVzsCotFgc7judbt6wnB2KbiKKJwBE4SGoDBQ1O94RjW4asrCjQL4i8Fhbw=="
    },
    "lightningcss-win32-x64-msvc@1.29.2": {
      "integrity": "sha512-EdIUW3B2vLuHmv7urfzMI/h2fmlnOQBk1xlsDxkN1tCWKjNFjfLhGxYk8C8mzpSfr+A6jFFIi8fU6LbQGsRWjA=="
    },
    "lightningcss@1.29.2": {
      "integrity": "sha512-6b6gd/RUXKaw5keVdSEtqFVdzWnU5jMxTUjA2bVcMNPLwSQ08Sv/UodBVtETLCn7k4S1Ibxwh7k68IwLZPgKaA==",
      "dependencies": [
        "detect-libc",
        "lightningcss-darwin-arm64",
        "lightningcss-darwin-x64",
        "lightningcss-freebsd-x64",
        "lightningcss-linux-arm-gnueabihf",
        "lightningcss-linux-arm64-gnu",
        "lightningcss-linux-arm64-musl",
        "lightningcss-linux-x64-gnu",
        "lightningcss-linux-x64-musl",
        "lightningcss-win32-arm64-msvc",
        "lightningcss-win32-x64-msvc"
      ]
    },
    "locate-character@3.0.0": {
      "integrity": "sha512-SW13ws7BjaeJ6p7Q6CO2nchbYEc3X3J6WrmTTDto7yMPqVSZTUyY5Tjbid+Ab8gLnATtygYtiDIJGQRRn2ZOiA=="
    },
    "lucide-svelte@0.475.0_svelte@5.20.2__acorn@8.14.0": {
      "integrity": "sha512-N5+hFTPHaZe9HhqJDxxxODfYuOmI6v+JIowzERcea/uxytN/JZlehVTcINBNp8wMo7l6ov1Jf5srrDbkI/WsJg==",
      "dependencies": [
        "svelte"
      ]
    },
    "magic-string@0.30.17": {
      "integrity": "sha512-sNPKHvyjVf7gyjwS4xGTaW/mCnF8wnjtifKBEhxfZ7E/S8tQ0rssrwGNn6q8JH/ohItJfSQp9mBtQYuTlH5QnA==",
      "dependencies": [
        "@jridgewell/sourcemap-codec"
      ]
    },
    "merge-stream@2.0.0": {
      "integrity": "sha512-abv/qOcuPfk3URPfDzmZU1LKmuw8kT+0nIHvKrKgFrwifol/doWcdA4ZqsWQ8ENrFKkd67Mfpo/LovbIUsbt3w=="
    },
    "mimic-fn@4.0.0": {
      "integrity": "sha512-vqiC06CuhBTUdZH+RYl8sFrL096vA45Ok5ISO6sE/Mr1jRbGH4Csnhi8f3wKVl7x8mO4Au7Ir9D3Oyv1VYMFJw=="
    },
    "mri@1.2.0": {
      "integrity": "sha512-tzzskb3bG8LvYGFF/mDTpq3jpI6Q9wc3LEmBaghu+DdCssd1FakN7Bc0hVNmEyGq1bq3RgfkCb3cmQLpNPOroA=="
    },
    "mrmime@2.0.1": {
      "integrity": "sha512-Y3wQdFg2Va6etvQ5I82yUhGdsKrcYox6p7FfL1LbK2J4V01F9TGlepTIhnK24t7koZibmg82KGglhA1XK5IsLQ=="
    },
    "ms@2.1.3": {
      "integrity": "sha512-6FlzubTLZG3J2a/NVCAleEhjzq5oxgHyaCU9yYXvcLsvoVaHJq/s5xXI6/XXP6tz7R9xAOtHnSO/tXtF3WRTlA=="
    },
    "nanoid@3.3.8": {
      "integrity": "sha512-WNLf5Sd8oZxOm+TzppcYk8gVOgP+l58xNy58D0nbUnOxOWRWvlcCV4kUF7ltmI6PsrLl/BgKEyS4mqsGChFN0w=="
    },
    "node-fetch-native@1.6.6": {
      "integrity": "sha512-8Mc2HhqPdlIfedsuZoc3yioPuzp6b+L5jRCRY1QzuWZh2EGJVQrGppC6V6cF0bLdbW0+O2YpqCA25aF/1lvipQ=="
    },
    "npm-run-path@5.3.0": {
      "integrity": "sha512-ppwTtiJZq0O/ai0z7yfudtBpWIoxM8yE6nHi1X47eFR2EWORqfbu6CnPlNsjeN683eT0qG6H/Pyf9fCcvjnnnQ==",
      "dependencies": [
        "path-key@4.0.0"
      ]
    },
    "onetime@6.0.0": {
      "integrity": "sha512-1FlR+gjXK7X+AsAHso35MnyN5KqGwJRi/31ft6x0M194ht7S+rWAvd7PHss9xSKMzE0asv1pyIHaJYq+BbacAQ==",
      "dependencies": [
        "mimic-fn"
      ]
    },
    "path-key@3.1.1": {
      "integrity": "sha512-ojmeN0qd+y0jszEtoY48r0Peq5dwMEkIlCOu6Q5f41lfkswXuKtYrhgoTpLnyIcHm24Uhqx+5Tqm2InSwLhE6Q=="
    },
    "path-key@4.0.0": {
      "integrity": "sha512-haREypq7xkM7ErfgIyA0z+Bj4AGKlMSdlQE2jvJo6huWD1EdkKYV+G/T4nq0YEF2vgTT8kqMFKo1uHn950r4SQ=="
    },
    "picocolors@1.1.1": {
      "integrity": "sha512-xceH2snhtb5M9liqDsmEw56le376mTZkEX/jEb/RxNFyegNul7eNslCXP9FDj/Lcu0X8KEyMceP2ntpaHrDEVA=="
    },
    "postcss@8.5.3": {
      "integrity": "sha512-dle9A3yYxlBSrt8Fu+IpjGT8SY8hN0mlaA6GY8t0P5PjIOZemULz/E2Bnm/2dcUOena75OTNkHI76uZBNUUq3A==",
      "dependencies": [
        "nanoid",
        "picocolors",
        "source-map-js"
      ]
    },
    "readdirp@4.1.2": {
      "integrity": "sha512-GDhwkLfywWL2s6vEjyhri+eXmfH6j1L7JE27WhqLeYzoh/A3DBaYGEj2H/HFZCn/kMfim73FXxEJTw06WtxQwg=="
    },
    "rollup@4.34.8": {
      "integrity": "sha512-489gTVMzAYdiZHFVA/ig/iYFllCcWFHMvUHI1rpFmkoUtRlQxqh6/yiNqnYibjMZ2b/+FUQwldG+aLsEt6bglQ==",
      "dependencies": [
        "@rollup/rollup-android-arm-eabi",
        "@rollup/rollup-android-arm64",
        "@rollup/rollup-darwin-arm64",
        "@rollup/rollup-darwin-x64",
        "@rollup/rollup-freebsd-arm64",
        "@rollup/rollup-freebsd-x64",
        "@rollup/rollup-linux-arm-gnueabihf",
        "@rollup/rollup-linux-arm-musleabihf",
        "@rollup/rollup-linux-arm64-gnu",
        "@rollup/rollup-linux-arm64-musl",
        "@rollup/rollup-linux-loongarch64-gnu",
        "@rollup/rollup-linux-powerpc64le-gnu",
        "@rollup/rollup-linux-riscv64-gnu",
        "@rollup/rollup-linux-s390x-gnu",
        "@rollup/rollup-linux-x64-gnu",
        "@rollup/rollup-linux-x64-musl",
        "@rollup/rollup-win32-arm64-msvc",
        "@rollup/rollup-win32-ia32-msvc",
        "@rollup/rollup-win32-x64-msvc",
        "@types/estree",
        "fsevents"
      ]
    },
    "runed@0.23.4_svelte@5.20.2__acorn@8.14.0": {
      "integrity": "sha512-9q8oUiBYeXIDLWNK5DfCWlkL0EW3oGbk845VdKlPeia28l751VpfesaB/+7pI6rnbx1I6rqoZ2fZxptOJLxILA==",
      "dependencies": [
        "esm-env",
        "svelte"
      ]
    },
    "sade@1.8.1": {
      "integrity": "sha512-xal3CZX1Xlo/k4ApwCFrHVACi9fBqJ7V+mwhBsuf/1IOKbBy098Fex+Wa/5QMubw09pSZ/u8EY8PWgevJsXp1A==",
      "dependencies": [
        "mri"
      ]
    },
    "semver@7.7.1": {
      "integrity": "sha512-hlq8tAfn0m/61p4BVRcPzIGr6LKiMwo4VM6dGi6pt4qcRkmNzTcWq6eCEjEh+qXjkMDvPlOFFSGwQjoEa6gyMA=="
    },
    "set-cookie-parser@2.7.1": {
      "integrity": "sha512-IOc8uWeOZgnb3ptbCURJWNjWUPcO3ZnTTdzsurqERrP6nPyv+paC55vJM0LpOlT2ne+Ix+9+CRG1MNLlyZ4GjQ=="
    },
    "shadcn-svelte@0.14.0": {
      "integrity": "sha512-7yhMGNP212qwN3ryU6lHQzEQ3uoc6x76bM8xUgdCzfdmWK0A+GEc0YYNo75iorILgB91LRsBYI2IGFcM3lAH3w==",
      "dependencies": [
        "@clack/core",
        "chalk",
        "commander",
        "execa",
        "is-unicode-supported",
        "node-fetch-native"
      ]
    },
    "shadcn-svelte@1.0.0-next.6": {
      "integrity": "sha512-AzyLAPe9itaTz2rqMm1xbz10zfTqKxStd1Kc60zhik1F0tYTcs2hIhBIT41GJpZmvcz3CWuKWzcaTl+C3D2uOQ==",
      "dependencies": [
        "@clack/core",
        "chalk",
        "commander",
        "execa",
        "is-unicode-supported",
        "node-fetch-native",
        "semver"
      ]
    },
    "shebang-command@2.0.0": {
      "integrity": "sha512-kHxr2zZpYtdmrN1qDjrrX/Z1rR1kG8Dx+gkpK1G4eXmvXswmcE1hTWBWYUzlraYw1/yZp6YuDY77YtvbN0dmDA==",
      "dependencies": [
        "shebang-regex"
      ]
    },
    "shebang-regex@3.0.0": {
      "integrity": "sha512-7++dFhtcx3353uBaq8DDR4NuxBetBzC7ZQOhmTQInHEd6bSrXdiEyzCvG07Z44UYdLShWUyXt5M/yhz8ekcb1A=="
    },
    "signal-exit@3.0.7": {
      "integrity": "sha512-wnD2ZE+l+SPC/uoS0vXeE9L1+0wuaMqKlfz9AMUo38JsyLSBWSFcHR1Rri62LZc12vLr1gb3jl7iwQhgwpAbGQ=="
    },
    "sirv@3.0.1": {
      "integrity": "sha512-FoqMu0NCGBLCcAkS1qA+XJIQTR6/JHfQXl+uGteNCQ76T91DMUjPa9xfmeqMY3z80nLSg9yQmNjK0Px6RWsH/A==",
      "dependencies": [
        "@polka/url",
        "mrmime",
        "totalist"
      ]
    },
    "sisteransi@1.0.5": {
      "integrity": "sha512-bLGGlR1QxBcynn2d5YmDX4MGjlZvy2MRBDRNHLJ8VI6l6+9FUiyTFNJ0IveOSP0bcXgVDPRcfGqA0pjaqUpfVg=="
    },
    "source-map-js@1.2.1": {
      "integrity": "sha512-UXWMKhLOwVKb728IUtQPXxfYU+usdybtUrK/8uGE8CQMvrhOpwvzDBwj0QhSL7MQc7vIsISBG8VQ8+IDQxpfQA=="
    },
    "strip-final-newline@3.0.0": {
      "integrity": "sha512-dOESqjYr96iWYylGObzd39EuNTa5VJxyvVAEm5Jnh7KGo75V43Hk1odPQkNDyXNmUR6k+gEiDVXnjB8HJ3crXw=="
    },
    "style-to-object@1.0.8": {
      "integrity": "sha512-xT47I/Eo0rwJmaXC4oilDGDWLohVhR6o/xAQcPQN8q6QBuZVL8qMYL85kLmST5cPjAorwvqIA4qXTRQoYHaL6g==",
      "dependencies": [
        "inline-style-parser"
      ]
    },
    "svelte-check@4.1.5_svelte@5.20.2__acorn@8.14.0_typescript@5.8.2": {
      "integrity": "sha512-Gb0T2IqBNe1tLB9EB1Qh+LOe+JB8wt2/rNBDGvkxQVvk8vNeAoG+vZgFB/3P5+zC7RWlyBlzm9dVjZFph/maIg==",
      "dependencies": [
        "@jridgewell/trace-mapping",
        "chokidar",
        "fdir",
        "picocolors",
        "sade",
        "svelte",
        "typescript"
      ]
    },
    "svelte-sonner@0.3.28_svelte@5.20.2__acorn@8.14.0": {
      "integrity": "sha512-K3AmlySeFifF/cKgsYNv5uXqMVNln0NBAacOYgmkQStLa/UoU0LhfAACU6Gr+YYC8bOCHdVmFNoKuDbMEsppJg==",
      "dependencies": [
        "svelte"
      ]
    },
    "svelte-toolbelt@0.7.1_svelte@5.20.2__acorn@8.14.0": {
      "integrity": "sha512-HcBOcR17Vx9bjaOceUvxkY3nGmbBmCBBbuWLLEWO6jtmWH8f/QoWmbyUfQZrpDINH39en1b8mptfPQT9VKQ1xQ==",
      "dependencies": [
        "clsx",
        "runed",
        "style-to-object",
        "svelte"
      ]
    },
    "svelte@5.20.2_acorn@8.14.0": {
      "integrity": "sha512-aYXJreNUiyTob0QOzRZeBXZMGeFZDch6SrSRV8QTncZb6zj0O3BEdUzPpojuHQ1pTvk+KX7I6rZCXPUf8pTPxA==",
      "dependencies": [
        "@ampproject/remapping",
        "@jridgewell/sourcemap-codec",
        "@types/estree",
        "acorn",
        "acorn-typescript",
        "aria-query",
        "axobject-query",
        "clsx",
        "esm-env",
        "esrap",
        "is-reference",
        "locate-character",
        "magic-string",
        "zimmerframe"
      ]
    },
    "tabbable@6.2.0": {
      "integrity": "sha512-Cat63mxsVJlzYvN51JmVXIgNoUokrIaT2zLclCXjRd8boZ0004U4KCs/sToJ75C6sdlByWxpYnb5Boif1VSFew=="
    },
    "tailwind-merge@2.5.4": {
      "integrity": "sha512-0q8cfZHMu9nuYP/b5Shb7Y7Sh1B7Nnl5GqNr1U+n2p6+mybvRtayrQ+0042Z5byvTA8ihjlP8Odo8/VnHbZu4Q=="
    },
    "tailwind-merge@3.0.2": {
      "integrity": "sha512-l7z+OYZ7mu3DTqrL88RiKrKIqO3NcpEO8V/Od04bNpvk0kiIFndGEoqfuzvj4yuhRkHKjRkII2z+KS2HfPcSxw=="
    },
    "tailwind-variants@0.3.1_tailwindcss@4.0.12": {
      "integrity": "sha512-krn67M3FpPwElg4FsZrOQd0U26o7UDH/QOkK8RNaiCCrr052f6YJPBUfNKnPo/s/xRzNPtv1Mldlxsg8Tb46BQ==",
      "dependencies": [
        "tailwind-merge@2.5.4",
        "tailwindcss"
      ]
    },
    "tailwindcss-animate@1.0.7_tailwindcss@4.0.12": {
      "integrity": "sha512-bl6mpH3T7I3UFxuvDEXLxy/VuFxBk5bbzplh7tXI68mwMokNYd1t9qPBHlnyTwfa4JGC4zP516I1hYYtQ/vspA==",
      "dependencies": [
        "tailwindcss"
      ]
    },
    "tailwindcss@4.0.12": {
      "integrity": "sha512-bT0hJo91FtncsAMSsMzUkoo/iEU0Xs5xgFgVC9XmdM9bw5MhZuQFjPNl6wxAE0SiQF/YTZJa+PndGWYSDtuxAg=="
    },
    "tapable@2.2.1": {
      "integrity": "sha512-GNzQvQTOIP6RyTfE2Qxb8ZVlNmw0n88vp1szwWRimP02mnTsx3Wtn5qRdqY9w2XduFNUgvOwhNnQsjwCp+kqaQ=="
    },
    "totalist@3.0.1": {
      "integrity": "sha512-sf4i37nQ2LBx4m3wB74y+ubopq6W/dIzXg0FDGjsYnZHVa1Da8FH853wlL2gtUhg+xJXjfk3kUZS3BRoQeoQBQ=="
    },
    "tslib@2.8.1": {
      "integrity": "sha512-oJFu94HQb+KVduSUQL7wnpmqnfmLsOA/nAh6b6EH0wCEoK0/mPeXU6c3wKDV83MkOuHPRHtSXKKU99IBazS/2w=="
    },
    "typescript@5.8.2": {
      "integrity": "sha512-aJn6wq13/afZp/jT9QZmwEjDqqvSGp1VT5GVg+f/t6/oVyrgXM6BY1h9BRh/O5p3PlUPAe+WuiEZOmb/49RqoQ=="
    },
    "undici-types@6.20.0": {
      "integrity": "sha512-Ny6QZ2Nju20vw1SRHe3d9jVu6gJ+4e3+MMpqu7pqE5HT6WsTSlce++GQmK5UXS8mzV8DSYHrQH+Xrf2jVcuKNg=="
    },
    "vaul-svelte@1.0.0-next.6_svelte@5.20.2__acorn@8.14.0": {
      "integrity": "sha512-leEKb9Qoj7JOrC0wLnqoczLhHZcwo7UHKBJ7SWBRhdFn0o+x9W1XioUK2OeiZHb5Bp7LyYKtUUjVWO3uJULUCw==",
      "dependencies": [
        "runed",
        "svelte",
        "svelte-toolbelt"
      ]
    },
    "vite@6.1.1": {
      "integrity": "sha512-4GgM54XrwRfrOp297aIYspIti66k56v16ZnqHvrIM7mG+HjDlAwS7p+Srr7J6fGvEdOJ5JcQ/D9T7HhtdXDTzA==",
      "dependencies": [
        "esbuild",
        "fsevents",
        "postcss",
        "rollup"
      ]
    },
    "vite@6.1.1_@types+node@22.13.10": {
      "integrity": "sha512-4GgM54XrwRfrOp297aIYspIti66k56v16ZnqHvrIM7mG+HjDlAwS7p+Srr7J6fGvEdOJ5JcQ/D9T7HhtdXDTzA==",
      "dependencies": [
        "@types/node",
        "esbuild",
        "fsevents",
        "postcss",
        "rollup"
      ]
    },
    "vite@6.1.1_lightningcss@1.29.2": {
      "integrity": "sha512-4GgM54XrwRfrOp297aIYspIti66k56v16ZnqHvrIM7mG+HjDlAwS7p+Srr7J6fGvEdOJ5JcQ/D9T7HhtdXDTzA==",
      "dependencies": [
        "esbuild",
        "fsevents",
        "lightningcss",
        "postcss",
        "rollup"
      ]
    },
    "vitefu@1.0.5_vite@6.1.1": {
      "integrity": "sha512-h4Vflt9gxODPFNGPwp4zAMZRpZR7eslzwH2c5hn5kNZ5rhnKyRJ50U+yGCdc2IRaBs8O4haIgLNGrV5CrpMsCA==",
      "dependencies": [
        "vite@6.1.1"
      ]
    },
    "vitefu@1.0.5_vite@6.1.1_vite@6.1.1__@types+node@22.13.10_@types+node@22.13.10": {
      "integrity": "sha512-h4Vflt9gxODPFNGPwp4zAMZRpZR7eslzwH2c5hn5kNZ5rhnKyRJ50U+yGCdc2IRaBs8O4haIgLNGrV5CrpMsCA==",
      "dependencies": [
        "vite@6.1.1_@types+node@22.13.10"
      ]
    },
    "which@2.0.2": {
      "integrity": "sha512-BLI3Tl1TW3Pvl70l3yq3Y64i+awpwXqsGBYWkkqMtnbXgrMD+yj7rhW0kuEDxzJaYXGjEW5ogapKNMEKNMjibA==",
      "dependencies": [
        "isexe"
      ]
    },
    "zimmerframe@1.1.2": {
      "integrity": "sha512-rAbqEGa8ovJy4pyBxZM70hg4pE6gDgaQ0Sl9M3enG3I0d6H4XSAM3GeNGLKnsBpuijUow064sf7ww1nutC5/3w=="
    }
  },
  "workspace": {
    "packageJson": {
      "dependencies": [
        "npm:@deno/vite-plugin@^1.0.4",
        "npm:@prisma/client@^6.4.1",
        "npm:@sveltejs/adapter-auto@4",
        "npm:@sveltejs/kit@^2.16.0",
        "npm:@sveltejs/vite-plugin-svelte@5",
        "npm:@tailwindcss/vite@^4.0.12",
        "npm:@types/node@^22.13.10",
        "npm:bits-ui@^1.3.5",
        "npm:clsx@^2.1.1",
        "npm:lucide-svelte@0.475",
        "npm:svelte-check@4",
        "npm:svelte-sonner@~0.3.28",
        "npm:svelte@5",
        "npm:tailwind-merge@^3.0.2",
        "npm:tailwind-variants@~0.3.1",
        "npm:tailwindcss-animate@^1.0.7",
        "npm:tailwindcss@^4.0.12",
        "npm:vaul-svelte@^1.0.0-next.6",
        "npm:vite@6"
      ]
    }
  }
}
